
Microsoft Visual Studio Solution File, Format Version 12.00
# Visual Studio Version 17
VisualStudioVersion = 17.5.33414.496
MinimumVisualStudioVersion = 10.0.40219.1
Project("{FAE04EC0-301F-11D3-BF4B-00C04F79EFBC}") = "ButlerApp", "ButlerApp\ButlerApp.csproj", "{6C82BE8A-F713-4103-B739-275F807842DC}"
EndProject
Global
	GlobalSection(SolutionConfigurationPlatforms) = preSolution
		Debug|Any CPU = Debug|Any CPU
		Release|Any CPU = Release|Any CPU
	EndGlobalSection
	GlobalSection(ProjectConfigurationPlatforms) = postSolution
		{6C82BE8A-F713-4103-B739-275F807842DC}.Debug|Any CPU.ActiveCfg = Debug|Any CPU
		{6C82BE8A-F713-4103-B739-275F807842DC}.Debug|Any CPU.Build.0 = Debug|Any CPU
		{6C82BE8A-F713-4103-B739-275F807842DC}.Release|Any CPU.ActiveCfg = Release|Any CPU
		{6C82BE8A-F713-4103-B739-275F807842DC}.Release|Any CPU.Build.0 = Release|Any CPU
	EndGlobalSection
	GlobalSection(SolutionProperties) = preSolution
		HideSolutionNode = FALSE
	EndGlobalSection
	GlobalSection(ExtensibilityGlobals) = postSolution
		SolutionGuid = {030DD425-8DBA-471B-9145-D0D0EF6470FD}
	EndGlobalSection
EndGlobal
